{
  "name": "json-api-to-array",
  "version": "1.0.1",
  "lockfileVersion": 2,
  "requires": true,
  "packages": {
    "": {
      "name": "json-api-to-array",
      "version": "1.0.1",
      "license": "MIT",
      "dependencies": {
        "json-api-to-array": "^1.0.1"
      }
    },
    "node_modules/json-api-to-array": {
      "version": "1.0.1",
      "resolved": "https://registry.npmjs.org/json-api-to-array/-/json-api-to-array-1.0.1.tgz",
      "integrity": "sha512-cHIFD7OlfNT8/cHYNCD2xHAZblWuLlDrMK8wpj1Osx6p8GxCVYqUF4DNXVVFO0khNL74HCWFfRAg8Bl/FVZ6vA=="
    }
  },
  "dependencies": {
    "json-api-to-array": {
      "version": "1.0.1",
      "resolved": "https://registry.npmjs.org/json-api-to-array/-/json-api-to-array-1.0.1.tgz",
      "integrity": "sha512-cHIFD7OlfNT8/cHYNCD2xHAZblWuLlDrMK8wpj1Osx6p8GxCVYqUF4DNXVVFO0khNL74HCWFfRAg8Bl/FVZ6vA=="
    }
  }
}
